
Microsoft Visual Studio Solution File, Format Version 12.00
# Visual Studio Version 17
VisualStudioVersion = 17.5.002.0
MinimumVisualStudioVersion = 10.0.40219.1
Project("{9A19103F-16F7-4668-BE54-9A1E7A4F7556}") = "240226_01", "240226_01.csproj", "{A18904FA-79E3-4C52-99AB-A39DA74CC3FC}"
EndProject
Global
	GlobalSection(SolutionConfigurationPlatforms) = preSolution
		Debug|Any CPU = Debug|Any CPU
		Release|Any CPU = Release|Any CPU
	EndGlobalSection
	GlobalSection(ProjectConfigurationPlatforms) = postSolution
		{A18904FA-79E3-4C52-99AB-A39DA74CC3FC}.Debug|Any CPU.ActiveCfg = Debug|Any CPU
		{A18904FA-79E3-4C52-99AB-A39DA74CC3FC}.Debug|Any CPU.Build.0 = Debug|Any CPU
		{A18904FA-79E3-4C52-99AB-A39DA74CC3FC}.Release|Any CPU.ActiveCfg = Release|Any CPU
		{A18904FA-79E3-4C52-99AB-A39DA74CC3FC}.Release|Any CPU.Build.0 = Release|Any CPU
	EndGlobalSection
	GlobalSection(SolutionProperties) = preSolution
		HideSolutionNode = FALSE
	EndGlobalSection
	GlobalSection(ExtensibilityGlobals) = postSolution
		SolutionGuid = {0BAAA3F3-590C-41D5-81A4-AC1AD235CC0A}
	EndGlobalSection
EndGlobal
